
Microsoft Visual Studio Solution File, Format Version 12.00
# Visual Studio Version 17
VisualStudioVersion = 17.7.34003.232
MinimumVisualStudioVersion = 10.0.40219.1
Project("{FAE04EC0-301F-11D3-BF4B-00C04F79EFBC}") = "PizzaPricingCalculator", "PizzaPricingCalculator\PizzaPricingCalculator.csproj", "{782BA59D-49AE-4276-BF69-A004B330B7A7}"
EndProject
Global
	GlobalSection(SolutionConfigurationPlatforms) = preSolution
		Debug|Any CPU = Debug|Any CPU
		Release|Any CPU = Release|Any CPU
	EndGlobalSection
	GlobalSection(ProjectConfigurationPlatforms) = postSolution
		{782BA59D-49AE-4276-BF69-A004B330B7A7}.Debug|Any CPU.ActiveCfg = Debug|Any CPU
		{782BA59D-49AE-4276-BF69-A004B330B7A7}.Debug|Any CPU.Build.0 = Debug|Any CPU
		{782BA59D-49AE-4276-BF69-A004B330B7A7}.Release|Any CPU.ActiveCfg = Release|Any CPU
		{782BA59D-49AE-4276-BF69-A004B330B7A7}.Release|Any CPU.Build.0 = Release|Any CPU
	EndGlobalSection
	GlobalSection(SolutionProperties) = preSolution
		HideSolutionNode = FALSE
	EndGlobalSection
	GlobalSection(ExtensibilityGlobals) = postSolution
		SolutionGuid = {050C50B2-136F-427C-9355-A2FFCC3EF93C}
	EndGlobalSection
EndGlobal
